
Microsoft Visual Studio Solution File, Format Version 12.00
# Visual Studio Version 17
VisualStudioVersion = 17.7.34018.315
MinimumVisualStudioVersion = 10.0.40219.1
Project("{9A19103F-16F7-4668-BE54-9A1E7A4F7556}") = "Accessories_Store", "Accessories_Store\Accessories_Store.csproj", "{2FD6194B-557E-4E24-A44E-AA3849BB594B}"
EndProject
Global
	GlobalSection(SolutionConfigurationPlatforms) = preSolution
		Debug|Any CPU = Debug|Any CPU
		Release|Any CPU = Release|Any CPU
	EndGlobalSection
	GlobalSection(ProjectConfigurationPlatforms) = postSolution
		{2FD6194B-557E-4E24-A44E-AA3849BB594B}.Debug|Any CPU.ActiveCfg = Debug|Any CPU
		{2FD6194B-557E-4E24-A44E-AA3849BB594B}.Debug|Any CPU.Build.0 = Debug|Any CPU
		{2FD6194B-557E-4E24-A44E-AA3849BB594B}.Release|Any CPU.ActiveCfg = Release|Any CPU
		{2FD6194B-557E-4E24-A44E-AA3849BB594B}.Release|Any CPU.Build.0 = Release|Any CPU
	EndGlobalSection
	GlobalSection(SolutionProperties) = preSolution
		HideSolutionNode = FALSE
	EndGlobalSection
	GlobalSection(ExtensibilityGlobals) = postSolution
		SolutionGuid = {426B7F82-77B1-4A58-A35F-78BC4A65DB50}
	EndGlobalSection
EndGlobal
